
Microsoft Visual Studio Solution File, Format Version 12.00
# Visual Studio Version 16
VisualStudioVersion = 16.0.30621.155
MinimumVisualStudioVersion = 10.0.40219.1
Project("{FAE04EC0-301F-11D3-BF4B-00C04F79EFBC}") = "Model", "Model\Model.csproj", "{3612F6A5-8E47-4FFE-9DE5-80640CF29E7B}"
EndProject
Project("{FAE04EC0-301F-11D3-BF4B-00C04F79EFBC}") = "Contoller", "Contoller\Contoller.csproj", "{B1D8E6CE-5E55-4C2C-8275-2B4E3B5E40D3}"
EndProject
Project("{FAE04EC0-301F-11D3-BF4B-00C04F79EFBC}") = "View", "View\View.csproj", "{8CDEEC7A-1C55-40AF-B274-14910E94BC91}"
EndProject
Global
	GlobalSection(SolutionConfigurationPlatforms) = preSolution
		Debug|Any CPU = Debug|Any CPU
		Release|Any CPU = Release|Any CPU
	EndGlobalSection
	GlobalSection(ProjectConfigurationPlatforms) = postSolution
		{3612F6A5-8E47-4FFE-9DE5-80640CF29E7B}.Debug|Any CPU.ActiveCfg = Debug|Any CPU
		{3612F6A5-8E47-4FFE-9DE5-80640CF29E7B}.Debug|Any CPU.Build.0 = Debug|Any CPU
		{3612F6A5-8E47-4FFE-9DE5-80640CF29E7B}.Release|Any CPU.ActiveCfg = Release|Any CPU
		{3612F6A5-8E47-4FFE-9DE5-80640CF29E7B}.Release|Any CPU.Build.0 = Release|Any CPU
		{B1D8E6CE-5E55-4C2C-8275-2B4E3B5E40D3}.Debug|Any CPU.ActiveCfg = Debug|Any CPU
		{B1D8E6CE-5E55-4C2C-8275-2B4E3B5E40D3}.Debug|Any CPU.Build.0 = Debug|Any CPU
		{B1D8E6CE-5E55-4C2C-8275-2B4E3B5E40D3}.Release|Any CPU.ActiveCfg = Release|Any CPU
		{B1D8E6CE-5E55-4C2C-8275-2B4E3B5E40D3}.Release|Any CPU.Build.0 = Release|Any CPU
		{8CDEEC7A-1C55-40AF-B274-14910E94BC91}.Debug|Any CPU.ActiveCfg = Debug|Any CPU
		{8CDEEC7A-1C55-40AF-B274-14910E94BC91}.Debug|Any CPU.Build.0 = Debug|Any CPU
		{8CDEEC7A-1C55-40AF-B274-14910E94BC91}.Release|Any CPU.ActiveCfg = Release|Any CPU
		{8CDEEC7A-1C55-40AF-B274-14910E94BC91}.Release|Any CPU.Build.0 = Release|Any CPU
	EndGlobalSection
	GlobalSection(SolutionProperties) = preSolution
		HideSolutionNode = FALSE
	EndGlobalSection
	GlobalSection(ExtensibilityGlobals) = postSolution
		SolutionGuid = {B64CD5A8-D121-4351-961C-3EE872383007}
	EndGlobalSection
EndGlobal
